
Microsoft Visual Studio Solution File, Format Version 12.00
# Visual Studio Version 16
VisualStudioVersion = 16.0.31624.102
MinimumVisualStudioVersion = 10.0.40219.1
Project("{FAE04EC0-301F-11D3-BF4B-00C04F79EFBC}") = "Demo", "Demo\Demo.csproj", "{5E5038F7-A56A-491E-AC14-FD8331CD4C8E}"
EndProject
Global
	GlobalSection(SolutionConfigurationPlatforms) = preSolution
		Debug|Any CPU = Debug|Any CPU
		Release|Any CPU = Release|Any CPU
	EndGlobalSection
	GlobalSection(ProjectConfigurationPlatforms) = postSolution
		{5E5038F7-A56A-491E-AC14-FD8331CD4C8E}.Debug|Any CPU.ActiveCfg = Debug|Any CPU
		{5E5038F7-A56A-491E-AC14-FD8331CD4C8E}.Debug|Any CPU.Build.0 = Debug|Any CPU
		{5E5038F7-A56A-491E-AC14-FD8331CD4C8E}.Release|Any CPU.ActiveCfg = Release|Any CPU
		{5E5038F7-A56A-491E-AC14-FD8331CD4C8E}.Release|Any CPU.Build.0 = Release|Any CPU
	EndGlobalSection
	GlobalSection(SolutionProperties) = preSolution
		HideSolutionNode = FALSE
	EndGlobalSection
	GlobalSection(ExtensibilityGlobals) = postSolution
		SolutionGuid = {3B83402A-6935-4E8F-A0DF-68DA8CE56ABF}
	EndGlobalSection
EndGlobal
